
Microsoft Visual Studio Solution File, Format Version 12.00
# Visual Studio Version 17
VisualStudioVersion = 17.4.33213.308
MinimumVisualStudioVersion = 10.0.40219.1
Project("{FAE04EC0-301F-11D3-BF4B-00C04F79EFBC}") = "OddNums", "OddNums.csproj", "{4794D57B-7B2C-45DF-93D9-1521F4BC901C}"
EndProject
Global
	GlobalSection(SolutionConfigurationPlatforms) = preSolution
		Debug|Any CPU = Debug|Any CPU
		Release|Any CPU = Release|Any CPU
	EndGlobalSection
	GlobalSection(ProjectConfigurationPlatforms) = postSolution
		{4794D57B-7B2C-45DF-93D9-1521F4BC901C}.Debug|Any CPU.ActiveCfg = Debug|Any CPU
		{4794D57B-7B2C-45DF-93D9-1521F4BC901C}.Debug|Any CPU.Build.0 = Debug|Any CPU
		{4794D57B-7B2C-45DF-93D9-1521F4BC901C}.Release|Any CPU.ActiveCfg = Release|Any CPU
		{4794D57B-7B2C-45DF-93D9-1521F4BC901C}.Release|Any CPU.Build.0 = Release|Any CPU
	EndGlobalSection
	GlobalSection(SolutionProperties) = preSolution
		HideSolutionNode = FALSE
	EndGlobalSection
	GlobalSection(ExtensibilityGlobals) = postSolution
		SolutionGuid = {0F148B59-0910-437D-8B22-90A879065349}
	EndGlobalSection
EndGlobal
